// !$*UTF8*$!
{
	archiveVersion = 1;
	classes = {
	};
	objectVersion = 51;
	objects = {

/* Begin PBXBuildFile section */
		2F074BE42309973100B5D2D2 /* AppDelegate.swift in Sources */ = {isa = PBXBuildFile; fileRef = 2F074BE32309973100B5D2D2 /* AppDelegate.swift */; };
		2F074BE62309973100B5D2D2 /* Login.swift in Sources */ = {isa = PBXBuildFile; fileRef = 2F074BE52309973100B5D2D2 /* Login.swift */; };
		2F074BE92309973100B5D2D2 /* Main.storyboard in Resources */ = {isa = PBXBuildFile; fileRef = 2F074BE72309973100B5D2D2 /* Main.storyboard */; };
		2F074BEB2309973300B5D2D2 /* Assets.xcassets in Resources */ = {isa = PBXBuildFile; fileRef = 2F074BEA2309973300B5D2D2 /* Assets.xcassets */; };
		2F074BEE2309973300B5D2D2 /* LaunchScreen.storyboard in Resources */ = {isa = PBXBuildFile; fileRef = 2F074BEC2309973300B5D2D2 /* LaunchScreen.storyboard */; };
		2F074BF62309993900B5D2D2 /* DesinableTextField.swift in Sources */ = {isa = PBXBuildFile; fileRef = 2F074BF52309993900B5D2D2 /* DesinableTextField.swift */; };
		2F074BFC230AC6FC00B5D2D2 /* CustomBar.swift in Sources */ = {isa = PBXBuildFile; fileRef = 2F074BFB230AC6FC00B5D2D2 /* CustomBar.swift */; };
		2F074BFE230AF6EE00B5D2D2 /* UIViewExtenstion.swift in Sources */ = {isa = PBXBuildFile; fileRef = 2F074BFD230AF6EE00B5D2D2 /* UIViewExtenstion.swift */; };
		2F074C02230AF97D00B5D2D2 /* MainViewController.swift in Sources */ = {isa = PBXBuildFile; fileRef = 2F074C01230AF97D00B5D2D2 /* MainViewController.swift */; };
		2F074C04230AFC2A00B5D2D2 /* MainTableViewCell.swift in Sources */ = {isa = PBXBuildFile; fileRef = 2F074C03230AFC2A00B5D2D2 /* MainTableViewCell.swift */; };
		2F074C0A230C52A800B5D2D2 /* FilterViewController.swift in Sources */ = {isa = PBXBuildFile; fileRef = 2F074C09230C52A800B5D2D2 /* FilterViewController.swift */; };
		2F074C0C230C57B200B5D2D2 /* CustomSlider.swift in Sources */ = {isa = PBXBuildFile; fileRef = 2F074C0B230C57B200B5D2D2 /* CustomSlider.swift */; };
		2F074C0F230D4FFF00B5D2D2 /* SideMenuViewController.swift in Sources */ = {isa = PBXBuildFile; fileRef = 2F074C0E230D4FFF00B5D2D2 /* SideMenuViewController.swift */; };
		2F074C12230D66B900B5D2D2 /* NearbyViewController.swift in Sources */ = {isa = PBXBuildFile; fileRef = 2F074C11230D66B900B5D2D2 /* NearbyViewController.swift */; };
		2F074C14230D973500B5D2D2 /* MainTabBarController.swift in Sources */ = {isa = PBXBuildFile; fileRef = 2F074C13230D973500B5D2D2 /* MainTabBarController.swift */; };
		2F0E4D5423180C4800DD2257 /* NearbyConfigurator.swift in Sources */ = {isa = PBXBuildFile; fileRef = 2F0E4D5323180C4800DD2257 /* NearbyConfigurator.swift */; };
		2F0E4D5623180D4F00DD2257 /* NearbyPresenter.swift in Sources */ = {isa = PBXBuildFile; fileRef = 2F0E4D5523180D4F00DD2257 /* NearbyPresenter.swift */; };
		2F0E4D5923181D2200DD2257 /* UserProfileViewController.swift in Sources */ = {isa = PBXBuildFile; fileRef = 2F0E4D5823181D2200DD2257 /* UserProfileViewController.swift */; };
		2F0ED03C23168EF9004AA810 /* LocationVerfier.swift in Sources */ = {isa = PBXBuildFile; fileRef = 2F0ED03B23168EF9004AA810 /* LocationVerfier.swift */; };
		2F13D78C23140AC600D15421 /* MyTabBar.swift in Sources */ = {isa = PBXBuildFile; fileRef = 2F13D78B23140AC600D15421 /* MyTabBar.swift */; };
		2F15038C231D735600B362D9 /* ProfilePictureView.swift in Sources */ = {isa = PBXBuildFile; fileRef = 2F15038B231D735600B362D9 /* ProfilePictureView.swift */; };
		2F15038E231DB6FE00B362D9 /* ProfilePictureLabel.swift in Sources */ = {isa = PBXBuildFile; fileRef = 2F15038D231DB6FE00B362D9 /* ProfilePictureLabel.swift */; };
		2F150390231DBCF400B362D9 /* CustomeSegment.swift in Sources */ = {isa = PBXBuildFile; fileRef = 2F15038F231DBCF400B362D9 /* CustomeSegment.swift */; };
		2F1577F32316047F0078468F /* Spot.swift in Sources */ = {isa = PBXBuildFile; fileRef = 2F1577F22316047F0078468F /* Spot.swift */; };
		2F1FDF22231C11FA00FF4286 /* FilterViewConfigurator.swift in Sources */ = {isa = PBXBuildFile; fileRef = 2F1FDF21231C11FA00FF4286 /* FilterViewConfigurator.swift */; };
		2F1FDF24231C16BD00FF4286 /* FilterViewPresenter.swift in Sources */ = {isa = PBXBuildFile; fileRef = 2F1FDF23231C16BD00FF4286 /* FilterViewPresenter.swift */; };
		2F1FDF26231C282B00FF4286 /* FilterView.xib in Resources */ = {isa = PBXBuildFile; fileRef = 2F1FDF25231C282B00FF4286 /* FilterView.xib */; };
		2FACC34423198BC4000CF618 /* MyFavPlacesViewController.swift in Sources */ = {isa = PBXBuildFile; fileRef = 2FACC34223198BC4000CF618 /* MyFavPlacesViewController.swift */; };
		2FACC34823198BE8000CF618 /* MyReviewViewController.swift in Sources */ = {isa = PBXBuildFile; fileRef = 2FACC34623198BE8000CF618 /* MyReviewViewController.swift */; };
		7542DABDFEF7F9A582C961F4 /* Pods_Harmony.framework in Frameworks */ = {isa = PBXBuildFile; fileRef = F6C35FC1DFB9B46F2A133A8F /* Pods_Harmony.framework */; };
/* End PBXBuildFile section */

/* Begin PBXFileReference section */
		2F074BE02309973100B5D2D2 /* Harmony.app */ = {isa = PBXFileReference; explicitFileType = wrapper.application; includeInIndex = 0; path = Harmony.app; sourceTree = BUILT_PRODUCTS_DIR; };
		2F074BE32309973100B5D2D2 /* AppDelegate.swift */ = {isa = PBXFileReference; lastKnownFileType = sourcecode.swift; path = AppDelegate.swift; sourceTree = "<group>"; };
		2F074BE52309973100B5D2D2 /* Login.swift */ = {isa = PBXFileReference; lastKnownFileType = sourcecode.swift; path = Login.swift; sourceTree = "<group>"; };
		2F074BE82309973100B5D2D2 /* Base */ = {isa = PBXFileReference; lastKnownFileType = file.storyboard; name = Base; path = Base.lproj/Main.storyboard; sourceTree = "<group>"; };
		2F074BEA2309973300B5D2D2 /* Assets.xcassets */ = {isa = PBXFileReference; lastKnownFileType = folder.assetcatalog; path = Assets.xcassets; sourceTree = "<group>"; };
		2F074BED2309973300B5D2D2 /* Base */ = {isa = PBXFileReference; lastKnownFileType = file.storyboard; name = Base; path = Base.lproj/LaunchScreen.storyboard; sourceTree = "<group>"; };
		2F074BEF2309973300B5D2D2 /* Info.plist */ = {isa = PBXFileReference; lastKnownFileType = text.plist.xml; path = Info.plist; sourceTree = "<group>"; };
		2F074BF52309993900B5D2D2 /* DesinableTextField.swift */ = {isa = PBXFileReference; lastKnownFileType = sourcecode.swift; path = DesinableTextField.swift; sourceTree = "<group>"; };
		2F074BFB230AC6FC00B5D2D2 /* CustomBar.swift */ = {isa = PBXFileReference; lastKnownFileType = sourcecode.swift; path = CustomBar.swift; sourceTree = "<group>"; };
		2F074BFD230AF6EE00B5D2D2 /* UIViewExtenstion.swift */ = {isa = PBXFileReference; lastKnownFileType = sourcecode.swift; path = UIViewExtenstion.swift; sourceTree = "<group>"; };
		2F074C01230AF97D00B5D2D2 /* MainViewController.swift */ = {isa = PBXFileReference; lastKnownFileType = sourcecode.swift; path = MainViewController.swift; sourceTree = "<group>"; };
		2F074C03230AFC2A00B5D2D2 /* MainTableViewCell.swift */ = {isa = PBXFileReference; lastKnownFileType = sourcecode.swift; path = MainTableViewCell.swift; sourceTree = "<group>"; };
		2F074C09230C52A800B5D2D2 /* FilterViewController.swift */ = {isa = PBXFileReference; lastKnownFileType = sourcecode.swift; path = FilterViewController.swift; sourceTree = "<group>"; wrapsLines = 0; };
		2F074C0B230C57B200B5D2D2 /* CustomSlider.swift */ = {isa = PBXFileReference; lastKnownFileType = sourcecode.swift; path = CustomSlider.swift; sourceTree = "<group>"; };
		2F074C0E230D4FFF00B5D2D2 /* SideMenuViewController.swift */ = {isa = PBXFileReference; lastKnownFileType = sourcecode.swift; path = SideMenuViewController.swift; sourceTree = "<group>"; };
		2F074C11230D66B900B5D2D2 /* NearbyViewController.swift */ = {isa = PBXFileReference; lastKnownFileType = sourcecode.swift; path = NearbyViewController.swift; sourceTree = "<group>"; };
		2F074C13230D973500B5D2D2 /* MainTabBarController.swift */ = {isa = PBXFileReference; lastKnownFileType = sourcecode.swift; path = MainTabBarController.swift; sourceTree = "<group>"; };
		2F0E4D5323180C4800DD2257 /* NearbyConfigurator.swift */ = {isa = PBXFileReference; lastKnownFileType = sourcecode.swift; path = NearbyConfigurator.swift; sourceTree = "<group>"; };
		2F0E4D5523180D4F00DD2257 /* NearbyPresenter.swift */ = {isa = PBXFileReference; lastKnownFileType = sourcecode.swift; path = NearbyPresenter.swift; sourceTree = "<group>"; };
		2F0E4D5823181D2200DD2257 /* UserProfileViewController.swift */ = {isa = PBXFileReference; lastKnownFileType = sourcecode.swift; path = UserProfileViewController.swift; sourceTree = "<group>"; };
		2F0ED03B23168EF9004AA810 /* LocationVerfier.swift */ = {isa = PBXFileReference; lastKnownFileType = sourcecode.swift; path = LocationVerfier.swift; sourceTree = "<group>"; };
		2F13D78B23140AC600D15421 /* MyTabBar.swift */ = {isa = PBXFileReference; lastKnownFileType = sourcecode.swift; path = MyTabBar.swift; sourceTree = "<group>"; };
		2F15038B231D735600B362D9 /* ProfilePictureView.swift */ = {isa = PBXFileReference; lastKnownFileType = sourcecode.swift; path = ProfilePictureView.swift; sourceTree = "<group>"; };
		2F15038D231DB6FE00B362D9 /* ProfilePictureLabel.swift */ = {isa = PBXFileReference; lastKnownFileType = sourcecode.swift; path = ProfilePictureLabel.swift; sourceTree = "<group>"; };
		2F15038F231DBCF400B362D9 /* CustomeSegment.swift */ = {isa = PBXFileReference; lastKnownFileType = sourcecode.swift; path = CustomeSegment.swift; sourceTree = "<group>"; };
		2F1577F22316047F0078468F /* Spot.swift */ = {isa = PBXFileReference; lastKnownFileType = sourcecode.swift; path = Spot.swift; sourceTree = "<group>"; };
		2F1FDF21231C11FA00FF4286 /* FilterViewConfigurator.swift */ = {isa = PBXFileReference; lastKnownFileType = sourcecode.swift; path = FilterViewConfigurator.swift; sourceTree = "<group>"; };
		2F1FDF23231C16BD00FF4286 /* FilterViewPresenter.swift */ = {isa = PBXFileReference; lastKnownFileType = sourcecode.swift; path = FilterViewPresenter.swift; sourceTree = "<group>"; };
		2F1FDF25231C282B00FF4286 /* FilterView.xib */ = {isa = PBXFileReference; lastKnownFileType = file.xib; path = FilterView.xib; sourceTree = "<group>"; };
		2FACC34223198BC4000CF618 /* MyFavPlacesViewController.swift */ = {isa = PBXFileReference; lastKnownFileType = sourcecode.swift; path = MyFavPlacesViewController.swift; sourceTree = "<group>"; };
		2FACC34623198BE8000CF618 /* MyReviewViewController.swift */ = {isa = PBXFileReference; lastKnownFileType = sourcecode.swift; path = MyReviewViewController.swift; sourceTree = "<group>"; };
		4C147970F06915B993E25F69 /* Pods-Harmony.debug.xcconfig */ = {isa = PBXFileReference; includeInIndex = 1; lastKnownFileType = text.xcconfig; name = "Pods-Harmony.debug.xcconfig"; path = "Target Support Files/Pods-Harmony/Pods-Harmony.debug.xcconfig"; sourceTree = "<group>"; };
		EEF04C41658A367973B90A8D /* Pods-Harmony.release.xcconfig */ = {isa = PBXFileReference; includeInIndex = 1; lastKnownFileType = text.xcconfig; name = "Pods-Harmony.release.xcconfig"; path = "Target Support Files/Pods-Harmony/Pods-Harmony.release.xcconfig"; sourceTree = "<group>"; };
		F6C35FC1DFB9B46F2A133A8F /* Pods_Harmony.framework */ = {isa = PBXFileReference; explicitFileType = wrapper.framework; includeInIndex = 0; path = Pods_Harmony.framework; sourceTree = BUILT_PRODUCTS_DIR; };
/* End PBXFileReference section */

/* Begin PBXFrameworksBuildPhase section */
		2F074BDD2309973100B5D2D2 /* Frameworks */ = {
			isa = PBXFrameworksBuildPhase;
			buildActionMask = 2147483647;
			files = (
				7542DABDFEF7F9A582C961F4 /* Pods_Harmony.framework in Frameworks */,
			);
			runOnlyForDeploymentPostprocessing = 0;
		};
/* End PBXFrameworksBuildPhase section */

/* Begin PBXGroup section */
		196F2BD5E57A7DC3D9395F18 /* Frameworks */ = {
			isa = PBXGroup;
			children = (
				F6C35FC1DFB9B46F2A133A8F /* Pods_Harmony.framework */,
			);
			name = Frameworks;
			sourceTree = "<group>";
		};
		2F074BD72309973100B5D2D2 = {
			isa = PBXGroup;
			children = (
				2F074BE22309973100B5D2D2 /* Harmony */,
				2F074BE12309973100B5D2D2 /* Products */,
				6E386B9D1AF4DFF2B831BA64 /* Pods */,
				196F2BD5E57A7DC3D9395F18 /* Frameworks */,
			);
			sourceTree = "<group>";
		};
		2F074BE12309973100B5D2D2 /* Products */ = {
			isa = PBXGroup;
			children = (
				2F074BE02309973100B5D2D2 /* Harmony.app */,
			);
			name = Products;
			sourceTree = "<group>";
		};
		2F074BE22309973100B5D2D2 /* Harmony */ = {
			isa = PBXGroup;
			children = (
				2F0ED03923168EA7004AA810 /* Utilites */,
				2F1577F1231604620078468F /* Model */,
				2F074BE32309973100B5D2D2 /* AppDelegate.swift */,
				2F074BFA2309AA4000B5D2D2 /* Scenes */,
				2F074BE72309973100B5D2D2 /* Main.storyboard */,
				2F074BF92309AA1300B5D2D2 /* Extensions */,
				2F074BEA2309973300B5D2D2 /* Assets.xcassets */,
				2F074BEC2309973300B5D2D2 /* LaunchScreen.storyboard */,
				2F074BEF2309973300B5D2D2 /* Info.plist */,
			);
			path = Harmony;
			sourceTree = "<group>";
		};
		2F074BF92309AA1300B5D2D2 /* Extensions */ = {
			isa = PBXGroup;
			children = (
				2F074BF52309993900B5D2D2 /* DesinableTextField.swift */,
				2F074BFD230AF6EE00B5D2D2 /* UIViewExtenstion.swift */,
				2F074BFB230AC6FC00B5D2D2 /* CustomBar.swift */,
				2F074C0B230C57B200B5D2D2 /* CustomSlider.swift */,
				2F13D78B23140AC600D15421 /* MyTabBar.swift */,
				2F15038B231D735600B362D9 /* ProfilePictureView.swift */,
				2F15038D231DB6FE00B362D9 /* ProfilePictureLabel.swift */,
				2F15038F231DBCF400B362D9 /* CustomeSegment.swift */,
			);
			path = Extensions;
			sourceTree = "<group>";
		};
		2F074BFA2309AA4000B5D2D2 /* Scenes */ = {
			isa = PBXGroup;
			children = (
				2F0E4D5723181CFB00DD2257 /* UserProfile */,
				2F074C10230D669600B5D2D2 /* Nearby */,
				2F074C0D230D4CB600B5D2D2 /* SideMenu */,
				2F074C08230C528B00B5D2D2 /* Filter */,
				2F074C00230AF95800B5D2D2 /* Main */,
				2F074BFF230AF94700B5D2D2 /* Login */,
			);
			path = Scenes;
			sourceTree = "<group>";
		};
		2F074BFF230AF94700B5D2D2 /* Login */ = {
			isa = PBXGroup;
			children = (
				2F074BE52309973100B5D2D2 /* Login.swift */,
			);
			path = Login;
			sourceTree = "<group>";
		};
		2F074C00230AF95800B5D2D2 /* Main */ = {
			isa = PBXGroup;
			children = (
				2F074C01230AF97D00B5D2D2 /* MainViewController.swift */,
				2F074C13230D973500B5D2D2 /* MainTabBarController.swift */,
				2F074C03230AFC2A00B5D2D2 /* MainTableViewCell.swift */,
			);
			path = Main;
			sourceTree = "<group>";
		};
		2F074C08230C528B00B5D2D2 /* Filter */ = {
			isa = PBXGroup;
			children = (
				2F074C09230C52A800B5D2D2 /* FilterViewController.swift */,
				2F1FDF21231C11FA00FF4286 /* FilterViewConfigurator.swift */,
				2F1FDF23231C16BD00FF4286 /* FilterViewPresenter.swift */,
				2F1FDF25231C282B00FF4286 /* FilterView.xib */,
			);
			path = Filter;
			sourceTree = "<group>";
		};
		2F074C0D230D4CB600B5D2D2 /* SideMenu */ = {
			isa = PBXGroup;
			children = (
				2F074C0E230D4FFF00B5D2D2 /* SideMenuViewController.swift */,
			);
			path = SideMenu;
			sourceTree = "<group>";
		};
		2F074C10230D669600B5D2D2 /* Nearby */ = {
			isa = PBXGroup;
			children = (
				2F074C11230D66B900B5D2D2 /* NearbyViewController.swift */,
				2F0E4D5323180C4800DD2257 /* NearbyConfigurator.swift */,
				2F0E4D5523180D4F00DD2257 /* NearbyPresenter.swift */,
			);
			path = Nearby;
			sourceTree = "<group>";
		};
		2F0E4D5723181CFB00DD2257 /* UserProfile */ = {
			isa = PBXGroup;
			children = (
				2FACC33D23198AB6000CF618 /* ContainerView */,
				2F0E4D5823181D2200DD2257 /* UserProfileViewController.swift */,
			);
			path = UserProfile;
			sourceTree = "<group>";
		};
		2F0ED03923168EA7004AA810 /* Utilites */ = {
			isa = PBXGroup;
			children = (
				2F0ED03A23168ECB004AA810 /* Helper */,
			);
			path = Utilites;
			sourceTree = "<group>";
		};
		2F0ED03A23168ECB004AA810 /* Helper */ = {
			isa = PBXGroup;
			children = (
				2F0ED03B23168EF9004AA810 /* LocationVerfier.swift */,
			);
			path = Helper;
			sourceTree = "<group>";
		};
		2F1577F1231604620078468F /* Model */ = {
			isa = PBXGroup;
			children = (
				2F1577F22316047F0078468F /* Spot.swift */,
			);
			path = Model;
			sourceTree = "<group>";
		};
		2FACC33D23198AB6000CF618 /* ContainerView */ = {
			isa = PBXGroup;
			children = (
				2FACC34223198BC4000CF618 /* MyFavPlacesViewController.swift */,
				2FACC34623198BE8000CF618 /* MyReviewViewController.swift */,
			);
			path = ContainerView;
			sourceTree = "<group>";
		};
		6E386B9D1AF4DFF2B831BA64 /* Pods */ = {
			isa = PBXGroup;
			children = (
				4C147970F06915B993E25F69 /* Pods-Harmony.debug.xcconfig */,
				EEF04C41658A367973B90A8D /* Pods-Harmony.release.xcconfig */,
			);
			path = Pods;
			sourceTree = "<group>";
		};
/* End PBXGroup section */

/* Begin PBXNativeTarget section */
		2F074BDF2309973100B5D2D2 /* Harmony */ = {
			isa = PBXNativeTarget;
			buildConfigurationList = 2F074BF22309973300B5D2D2 /* Build configuration list for PBXNativeTarget "Harmony" */;
			buildPhases = (
				0F8E131786DF3E5703087053 /* [CP] Check Pods Manifest.lock */,
				2F074BDC2309973100B5D2D2 /* Sources */,
				2F074BDD2309973100B5D2D2 /* Frameworks */,
				2F074BDE2309973100B5D2D2 /* Resources */,
				417D30D08ADD6EBC6ABDDDA9 /* [CP] Embed Pods Frameworks */,
			);
			buildRules = (
			);
			dependencies = (
			);
			name = Harmony;
			productName = Harmony;
			productReference = 2F074BE02309973100B5D2D2 /* Harmony.app */;
			productType = "com.apple.product-type.application";
		};
/* End PBXNativeTarget section */

/* Begin PBXProject section */
		2F074BD82309973100B5D2D2 /* Project object */ = {
			isa = PBXProject;
			attributes = {
				LastSwiftUpdateCheck = 1020;
				LastUpgradeCheck = 1020;
				ORGANIZATIONNAME = "Ahmed Yasser";
				TargetAttributes = {
					2F074BDF2309973100B5D2D2 = {
						CreatedOnToolsVersion = 10.2;
					};
				};
			};
			buildConfigurationList = 2F074BDB2309973100B5D2D2 /* Build configuration list for PBXProject "Harmony" */;
			compatibilityVersion = "Xcode 9.3";
			developmentRegion = en;
			hasScannedForEncodings = 0;
			knownRegions = (
				en,
				Base,
			);
			mainGroup = 2F074BD72309973100B5D2D2;
			productRefGroup = 2F074BE12309973100B5D2D2 /* Products */;
			projectDirPath = "";
			projectRoot = "";
			targets = (
				2F074BDF2309973100B5D2D2 /* Harmony */,
			);
		};
/* End PBXProject section */

/* Begin PBXResourcesBuildPhase section */
		2F074BDE2309973100B5D2D2 /* Resources */ = {
			isa = PBXResourcesBuildPhase;
			buildActionMask = 2147483647;
			files = (
				2F1FDF26231C282B00FF4286 /* FilterView.xib in Resources */,
				2F074BEE2309973300B5D2D2 /* LaunchScreen.storyboard in Resources */,
				2F074BEB2309973300B5D2D2 /* Assets.xcassets in Resources */,
				2F074BE92309973100B5D2D2 /* Main.storyboard in Resources */,
			);
			runOnlyForDeploymentPostprocessing = 0;
		};
/* End PBXResourcesBuildPhase section */

/* Begin PBXShellScriptBuildPhase section */
		0F8E131786DF3E5703087053 /* [CP] Check Pods Manifest.lock */ = {
			isa = PBXShellScriptBuildPhase;
			buildActionMask = 2147483647;
			files = (
			);
			inputFileListPaths = (
			);
			inputPaths = (
				"${PODS_PODFILE_DIR_PATH}/Podfile.lock",
				"${PODS_ROOT}/Manifest.lock",
			);
			name = "[CP] Check Pods Manifest.lock";
			outputFileListPaths = (
			);
			outputPaths = (
				"$(DERIVED_FILE_DIR)/Pods-Harmony-checkManifestLockResult.txt",
			);
			runOnlyForDeploymentPostprocessing = 0;
			shellPath = /bin/sh;
			shellScript = "diff \"${PODS_PODFILE_DIR_PATH}/Podfile.lock\" \"${PODS_ROOT}/Manifest.lock\" > /dev/null\nif [ $? != 0 ] ; then\n    # print error to STDERR\n    echo \"error: The sandbox is not in sync with the Podfile.lock. Run 'pod install' or update your CocoaPods installation.\" >&2\n    exit 1\nfi\n# This output is used by Xcode 'outputs' to avoid re-running this script phase.\necho \"SUCCESS\" > \"${SCRIPT_OUTPUT_FILE_0}\"\n";
			showEnvVarsInLog = 0;
		};
		417D30D08ADD6EBC6ABDDDA9 /* [CP] Embed Pods Frameworks */ = {
			isa = PBXShellScriptBuildPhase;
			buildActionMask = 2147483647;
			files = (
			);
			inputFileListPaths = (
				"${PODS_ROOT}/Target Support Files/Pods-Harmony/Pods-Harmony-frameworks-${CONFIGURATION}-input-files.xcfilelist",
			);
			name = "[CP] Embed Pods Frameworks";
			outputFileListPaths = (
				"${PODS_ROOT}/Target Support Files/Pods-Harmony/Pods-Harmony-frameworks-${CONFIGURATION}-output-files.xcfilelist",
			);
			runOnlyForDeploymentPostprocessing = 0;
			shellPath = /bin/sh;
			shellScript = "\"${PODS_ROOT}/Target Support Files/Pods-Harmony/Pods-Harmony-frameworks.sh\"\n";
			showEnvVarsInLog = 0;
		};
/* End PBXShellScriptBuildPhase section */

/* Begin PBXSourcesBuildPhase section */
		2F074BDC2309973100B5D2D2 /* Sources */ = {
			isa = PBXSourcesBuildPhase;
			buildActionMask = 2147483647;
			files = (
				2FACC34423198BC4000CF618 /* MyFavPlacesViewController.swift in Sources */,
				2F1FDF22231C11FA00FF4286 /* FilterViewConfigurator.swift in Sources */,
				2F074BE62309973100B5D2D2 /* Login.swift in Sources */,
				2FACC34823198BE8000CF618 /* MyReviewViewController.swift in Sources */,
				2F074C0C230C57B200B5D2D2 /* CustomSlider.swift in Sources */,
				2F13D78C23140AC600D15421 /* MyTabBar.swift in Sources */,
				2F074C14230D973500B5D2D2 /* MainTabBarController.swift in Sources */,
				2F074BF62309993900B5D2D2 /* DesinableTextField.swift in Sources */,
				2F0ED03C23168EF9004AA810 /* LocationVerfier.swift in Sources */,
				2F1577F32316047F0078468F /* Spot.swift in Sources */,
				2F0E4D5923181D2200DD2257 /* UserProfileViewController.swift in Sources */,
				2F0E4D5423180C4800DD2257 /* NearbyConfigurator.swift in Sources */,
				2F150390231DBCF400B362D9 /* CustomeSegment.swift in Sources */,
				2F074C0A230C52A800B5D2D2 /* FilterViewController.swift in Sources */,
				2F0E4D5623180D4F00DD2257 /* NearbyPresenter.swift in Sources */,
				2F074BFC230AC6FC00B5D2D2 /* CustomBar.swift in Sources */,
				2F074C04230AFC2A00B5D2D2 /* MainTableViewCell.swift in Sources */,
				2F15038C231D735600B362D9 /* ProfilePictureView.swift in Sources */,
				2F15038E231DB6FE00B362D9 /* ProfilePictureLabel.swift in Sources */,
				2F074C02230AF97D00B5D2D2 /* MainViewController.swift in Sources */,
				2F074C12230D66B900B5D2D2 /* NearbyViewController.swift in Sources */,
				2F074BFE230AF6EE00B5D2D2 /* UIViewExtenstion.swift in Sources */,
				2F1FDF24231C16BD00FF4286 /* FilterViewPresenter.swift in Sources */,
				2F074C0F230D4FFF00B5D2D2 /* SideMenuViewController.swift in Sources */,
				2F074BE42309973100B5D2D2 /* AppDelegate.swift in Sources */,
			);
			runOnlyForDeploymentPostprocessing = 0;
		};
/* End PBXSourcesBuildPhase section */

/* Begin PBXVariantGroup section */
		2F074BE72309973100B5D2D2 /* Main.storyboard */ = {
			isa = PBXVariantGroup;
			children = (
				2F074BE82309973100B5D2D2 /* Base */,
			);
			name = Main.storyboard;
			sourceTree = "<group>";
		};
		2F074BEC2309973300B5D2D2 /* LaunchScreen.storyboard */ = {
			isa = PBXVariantGroup;
			children = (
				2F074BED2309973300B5D2D2 /* Base */,
			);
			name = LaunchScreen.storyboard;
			sourceTree = "<group>";
		};
/* End PBXVariantGroup section */

/* Begin XCBuildConfiguration section */
		2F074BF02309973300B5D2D2 /* Debug */ = {
			isa = XCBuildConfiguration;
			buildSettings = {
				ALWAYS_SEARCH_USER_PATHS = NO;
				CLANG_ANALYZER_NONNULL = YES;
				CLANG_ANALYZER_NUMBER_OBJECT_CONVERSION = YES_AGGRESSIVE;
				CLANG_CXX_LANGUAGE_STANDARD = "gnu++14";
				CLANG_CXX_LIBRARY = "libc++";
				CLANG_ENABLE_MODULES = YES;
				CLANG_ENABLE_OBJC_ARC = YES;
				CLANG_ENABLE_OBJC_WEAK = YES;
				CLANG_WARN_BLOCK_CAPTURE_AUTORELEASING = YES;
				CLANG_WARN_BOOL_CONVERSION = YES;
				CLANG_WARN_COMMA = YES;
				CLANG_WARN_CONSTANT_CONVERSION = YES;
				CLANG_WARN_DEPRECATED_OBJC_IMPLEMENTATIONS = YES;
				CLANG_WARN_DIRECT_OBJC_ISA_USAGE = YES_ERROR;
				CLANG_WARN_DOCUMENTATION_COMMENTS = YES;
				CLANG_WARN_EMPTY_BODY = YES;
				CLANG_WARN_ENUM_CONVERSION = YES;
				CLANG_WARN_INFINITE_RECURSION = YES;
				CLANG_WARN_INT_CONVERSION = YES;
				CLANG_WARN_NON_LITERAL_NULL_CONVERSION = YES;
				CLANG_WARN_OBJC_IMPLICIT_RETAIN_SELF = YES;
				CLANG_WARN_OBJC_LITERAL_CONVERSION = YES;
				CLANG_WARN_OBJC_ROOT_CLASS = YES_ERROR;
				CLANG_WARN_RANGE_LOOP_ANALYSIS = YES;
				CLANG_WARN_STRICT_PROTOTYPES = YES;
				CLANG_WARN_SUSPICIOUS_MOVE = YES;
				CLANG_WARN_UNGUARDED_AVAILABILITY = YES_AGGRESSIVE;
				CLANG_WARN_UNREACHABLE_CODE = YES;
				CLANG_WARN__DUPLICATE_METHOD_MATCH = YES;
				CODE_SIGN_IDENTITY = "iPhone Developer";
				COPY_PHASE_STRIP = NO;
				DEBUG_INFORMATION_FORMAT = dwarf;
				ENABLE_STRICT_OBJC_MSGSEND = YES;
				ENABLE_TESTABILITY = YES;
				GCC_C_LANGUAGE_STANDARD = gnu11;
				GCC_DYNAMIC_NO_PIC = NO;
				GCC_NO_COMMON_BLOCKS = YES;
				GCC_OPTIMIZATION_LEVEL = 0;
				GCC_PREPROCESSOR_DEFINITIONS = (
					"DEBUG=1",
					"$(inherited)",
				);
				GCC_WARN_64_TO_32_BIT_CONVERSION = YES;
				GCC_WARN_ABOUT_RETURN_TYPE = YES_ERROR;
				GCC_WARN_UNDECLARED_SELECTOR = YES;
				GCC_WARN_UNINITIALIZED_AUTOS = YES_AGGRESSIVE;
				GCC_WARN_UNUSED_FUNCTION = YES;
				GCC_WARN_UNUSED_VARIABLE = YES;
				IPHONEOS_DEPLOYMENT_TARGET = 12.2;
				MTL_ENABLE_DEBUG_INFO = INCLUDE_SOURCE;
				MTL_FAST_MATH = YES;
				ONLY_ACTIVE_ARCH = YES;
				SDKROOT = iphoneos;
				SWIFT_ACTIVE_COMPILATION_CONDITIONS = DEBUG;
				SWIFT_OPTIMIZATION_LEVEL = "-Onone";
			};
			name = Debug;
		};
		2F074BF12309973300B5D2D2 /* Release */ = {
			isa = XCBuildConfiguration;
			buildSettings = {
				ALWAYS_SEARCH_USER_PATHS = NO;
				CLANG_ANALYZER_NONNULL = YES;
				CLANG_ANALYZER_NUMBER_OBJECT_CONVERSION = YES_AGGRESSIVE;
				CLANG_CXX_LANGUAGE_STANDARD = "gnu++14";
				CLANG_CXX_LIBRARY = "libc++";
				CLANG_ENABLE_MODULES = YES;
				CLANG_ENABLE_OBJC_ARC = YES;
				CLANG_ENABLE_OBJC_WEAK = YES;
				CLANG_WARN_BLOCK_CAPTURE_AUTORELEASING = YES;
				CLANG_WARN_BOOL_CONVERSION = YES;
				CLANG_WARN_COMMA = YES;
				CLANG_WARN_CONSTANT_CONVERSION = YES;
				CLANG_WARN_DEPRECATED_OBJC_IMPLEMENTATIONS = YES;
				CLANG_WARN_DIRECT_OBJC_ISA_USAGE = YES_ERROR;
				CLANG_WARN_DOCUMENTATION_COMMENTS = YES;
				CLANG_WARN_EMPTY_BODY = YES;
				CLANG_WARN_ENUM_CONVERSION = YES;
				CLANG_WARN_INFINITE_RECURSION = YES;
				CLANG_WARN_INT_CONVERSION = YES;
				CLANG_WARN_NON_LITERAL_NULL_CONVERSION = YES;
				CLANG_WARN_OBJC_IMPLICIT_RETAIN_SELF = YES;
				CLANG_WARN_OBJC_LITERAL_CONVERSION = YES;
				CLANG_WARN_OBJC_ROOT_CLASS = YES_ERROR;
				CLANG_WARN_RANGE_LOOP_ANALYSIS = YES;
				CLANG_WARN_STRICT_PROTOTYPES = YES;
				CLANG_WARN_SUSPICIOUS_MOVE = YES;
				CLANG_WARN_UNGUARDED_AVAILABILITY = YES_AGGRESSIVE;
				CLANG_WARN_UNREACHABLE_CODE = YES;
				CLANG_WARN__DUPLICATE_METHOD_MATCH = YES;
				CODE_SIGN_IDENTITY = "iPhone Developer";
				COPY_PHASE_STRIP = NO;
				DEBUG_INFORMATION_FORMAT = "dwarf-with-dsym";
				ENABLE_NS_ASSERTIONS = NO;
				ENABLE_STRICT_OBJC_MSGSEND = YES;
				GCC_C_LANGUAGE_STANDARD = gnu11;
				GCC_NO_COMMON_BLOCKS = YES;
				GCC_WARN_64_TO_32_BIT_CONVERSION = YES;
				GCC_WARN_ABOUT_RETURN_TYPE = YES_ERROR;
				GCC_WARN_UNDECLARED_SELECTOR = YES;
				GCC_WARN_UNINITIALIZED_AUTOS = YES_AGGRESSIVE;
				GCC_WARN_UNUSED_FUNCTION = YES;
				GCC_WARN_UNUSED_VARIABLE = YES;
				IPHONEOS_DEPLOYMENT_TARGET = 12.2;
				MTL_ENABLE_DEBUG_INFO = NO;
				MTL_FAST_MATH = YES;
				SDKROOT = iphoneos;
				SWIFT_COMPILATION_MODE = wholemodule;
				SWIFT_OPTIMIZATION_LEVEL = "-O";
				VALIDATE_PRODUCT = YES;
			};
			name = Release;
		};
		2F074BF32309973300B5D2D2 /* Debug */ = {
			isa = XCBuildConfiguration;
			baseConfigurationReference = 4C147970F06915B993E25F69 /* Pods-Harmony.debug.xcconfig */;
			buildSettings = {
				ASSETCATALOG_COMPILER_APPICON_NAME = AppIcon;
				CODE_SIGN_STYLE = Automatic;
				INFOPLIST_FILE = Harmony/Info.plist;
				LD_RUNPATH_SEARCH_PATHS = (
					"$(inherited)",
					"@executable_path/Frameworks",
				);
				PRODUCT_BUNDLE_IDENTIFIER = Biko.Harmony;
				PRODUCT_NAME = "$(TARGET_NAME)";
				SWIFT_VERSION = 5.0;
				TARGETED_DEVICE_FAMILY = "1,2";
			};
			name = Debug;
		};
		2F074BF42309973300B5D2D2 /* Release */ = {
			isa = XCBuildConfiguration;
			baseConfigurationReference = EEF04C41658A367973B90A8D /* Pods-Harmony.release.xcconfig */;
			buildSettings = {
				ASSETCATALOG_COMPILER_APPICON_NAME = AppIcon;
				CODE_SIGN_STYLE = Automatic;
				INFOPLIST_FILE = Harmony/Info.plist;
				LD_RUNPATH_SEARCH_PATHS = (
					"$(inherited)",
					"@executable_path/Frameworks",
				);
				PRODUCT_BUNDLE_IDENTIFIER = Biko.Harmony;
				PRODUCT_NAME = "$(TARGET_NAME)";
				SWIFT_VERSION = 5.0;
				TARGETED_DEVICE_FAMILY = "1,2";
			};
			name = Release;
		};
/* End XCBuildConfiguration section */

/* Begin XCConfigurationList section */
		2F074BDB2309973100B5D2D2 /* Build configuration list for PBXProject "Harmony" */ = {
			isa = XCConfigurationList;
			buildConfigurations = (
				2F074BF02309973300B5D2D2 /* Debug */,
				2F074BF12309973300B5D2D2 /* Release */,
			);
			defaultConfigurationIsVisible = 0;
			defaultConfigurationName = Release;
		};
		2F074BF22309973300B5D2D2 /* Build configuration list for PBXNativeTarget "Harmony" */ = {
			isa = XCConfigurationList;
			buildConfigurations = (
				2F074BF32309973300B5D2D2 /* Debug */,
				2F074BF42309973300B5D2D2 /* Release */,
			);
			defaultConfigurationIsVisible = 0;
			defaultConfigurationName = Release;
		};
/* End XCConfigurationList section */
	};
	rootObject = 2F074BD82309973100B5D2D2 /* Project object */;
}
